
Microsoft Visual Studio Solution File, Format Version 12.00
# Visual Studio Version 16
VisualStudioVersion = 16.0.30225.117
MinimumVisualStudioVersion = 10.0.40219.1
Project("{FAE04EC0-301F-11D3-BF4B-00C04F79EFBC}") = "RSS_Reader", "RSS_Reader.csproj", "{40FBDB00-110A-4DD4-B004-3B5B029BA187}"
EndProject
Global
	GlobalSection(SolutionConfigurationPlatforms) = preSolution
		Debug|Any CPU = Debug|Any CPU
		Release|Any CPU = Release|Any CPU
	EndGlobalSection
	GlobalSection(ProjectConfigurationPlatforms) = postSolution
		{40FBDB00-110A-4DD4-B004-3B5B029BA187}.Debug|Any CPU.ActiveCfg = Debug|Any CPU
		{40FBDB00-110A-4DD4-B004-3B5B029BA187}.Debug|Any CPU.Build.0 = Debug|Any CPU
		{40FBDB00-110A-4DD4-B004-3B5B029BA187}.Release|Any CPU.ActiveCfg = Release|Any CPU
		{40FBDB00-110A-4DD4-B004-3B5B029BA187}.Release|Any CPU.Build.0 = Release|Any CPU
	EndGlobalSection
	GlobalSection(SolutionProperties) = preSolution
		HideSolutionNode = FALSE
	EndGlobalSection
	GlobalSection(ExtensibilityGlobals) = postSolution
		SolutionGuid = {247BC40E-D266-4F62-86A9-09227C4E770C}
	EndGlobalSection
EndGlobal
